{
  "name": "@myfrom/paper-pager",
  "version": "2.0.0",
  "lockfileVersion": 1,
  "requires": true,
  "dependencies": {
    "@polymer/app-layout": {
      "version": "3.0.1",
      "resolved": "https://registry.npmjs.org/@polymer/app-layout/-/app-layout-3.0.1.tgz",
      "integrity": "sha512-Uf4gys9GSH69glSrKl7fsSeM0qeyfzat6tkym4WdZNdnLWou4sOxnAlF0Jg3ets1mumUo2U4/zVcUhPH9LJE+g==",
      "dev": true,
      "requires": {
        "@polymer/iron-flex-layout": "^3.0.0-pre.26",
        "@polymer/iron-media-query": "^3.0.0-pre.26",
        "@polymer/iron-resizable-behavior": "^3.0.0-pre.26",
        "@polymer/iron-scroll-target-behavior": "^3.0.0-pre.26",
        "@polymer/polymer": "^3.0.0"
      }
    },
    "@polymer/font-roboto": {
      "version": "3.0.2",
      "resolved": "https://registry.npmjs.org/@polymer/font-roboto/-/font-roboto-3.0.2.tgz",
      "integrity": "sha512-tx5TauYSmzsIvmSqepUPDYbs4/Ejz2XbZ1IkD7JEGqkdNUJlh+9KU85G56Tfdk/xjEZ8zorFfN09OSwiMrIQWA==",
      "dev": true
    },
    "@polymer/iron-a11y-announcer": {
      "version": "3.0.1",
      "resolved": "https://registry.npmjs.org/@polymer/iron-a11y-announcer/-/iron-a11y-announcer-3.0.1.tgz",
      "integrity": "sha512-Xiqmpz0AEEbMNGYPpbrXBIrcI/xaR4tn77pmSLfxVKGGwjEUR/YrRgyIwXp4EN7lvst1dFC8kyl2hLga0uDIVQ==",
      "dev": true,
      "requires": {
        "@polymer/polymer": "^3.0.0"
      }
    },
    "@polymer/iron-a11y-keys-behavior": {
      "version": "3.0.1",
      "resolved": "https://registry.npmjs.org/@polymer/iron-a11y-keys-behavior/-/iron-a11y-keys-behavior-3.0.1.tgz",
      "integrity": "sha512-lnrjKq3ysbBPT/74l0Fj0U9H9C35Tpw2C/tpJ8a+5g8Y3YJs1WSZYnEl1yOkw6sEyaxOq/1DkzH0+60gGu5/PQ==",
      "requires": {
        "@polymer/polymer": "^3.0.0"
      }
    },
    "@polymer/iron-ajax": {
      "version": "3.0.1",
      "resolved": "https://registry.npmjs.org/@polymer/iron-ajax/-/iron-ajax-3.0.1.tgz",
      "integrity": "sha512-7+TPEAfWsRdhj1Y8UeF1759ktpVu+c3sG16rJiUC3wF9+woQ9xI1zUm2d59i7Yc3aDEJrR/Q8Y262KlOvyGVNg==",
      "dev": true,
      "requires": {
        "@polymer/polymer": "^3.0.0"
      }
    },
    "@polymer/iron-behaviors": {
      "version": "3.0.1",
      "resolved": "https://registry.npmjs.org/@polymer/iron-behaviors/-/iron-behaviors-3.0.1.tgz",
      "integrity": "sha512-IMEwcv1lhf1HSQxuyWOUIL0lOBwmeaoSTpgCJeP9IBYnuB1SPQngmfRuHKgK6/m9LQ9F9miC7p3HeQQUdKAE0w==",
      "dev": true,
      "requires": {
        "@polymer/iron-a11y-keys-behavior": "^3.0.0-pre.26",
        "@polymer/polymer": "^3.0.0"
      }
    },
    "@polymer/iron-checked-element-behavior": {
      "version": "3.0.1",
      "resolved": "https://registry.npmjs.org/@polymer/iron-checked-element-behavior/-/iron-checked-element-behavior-3.0.1.tgz",
      "integrity": "sha512-aDr0cbCNVq49q+pOqa6CZutFh+wWpwPMLpEth9swx+GkAj+gCURhuQkaUYhIo5f2egDbEioR1aeHMnPlU9dQZA==",
      "dev": true,
      "requires": {
        "@polymer/iron-form-element-behavior": "^3.0.0-pre.26",
        "@polymer/iron-validatable-behavior": "^3.0.0-pre.26",
        "@polymer/polymer": "^3.0.0"
      }
    },
    "@polymer/iron-component-page": {
      "version": "4.0.1",
      "resolved": "https://registry.npmjs.org/@polymer/iron-component-page/-/iron-component-page-4.0.1.tgz",
      "integrity": "sha512-4ZLhMjCYPA/hTghv03tR283uJFCif+3xiayYJzoTjTLZgJ6hS5ApU/JijmE3yQDaLJ0ZsfciA0Xt73cmd5cwvQ==",
      "dev": true,
      "requires": {
        "@polymer/app-layout": "^3.0.0-pre.26",
        "@polymer/iron-ajax": "^3.0.0-pre.26",
        "@polymer/iron-doc-viewer": "^4.0.0-pre.4",
        "@polymer/iron-icons": "^3.0.0-pre.26",
        "@polymer/paper-icon-button": "^3.0.0-pre.26",
        "@polymer/paper-styles": "^3.0.0-pre.26",
        "@polymer/paper-toast": "^3.0.0-pre.26",
        "@polymer/polymer": "^3.0.0"
      }
    },
    "@polymer/iron-demo-helpers": {
      "version": "3.0.2",
      "resolved": "https://registry.npmjs.org/@polymer/iron-demo-helpers/-/iron-demo-helpers-3.0.2.tgz",
      "integrity": "sha512-VqGEIOEXPgx9G6uLfvnzXVib6sE6lJENV3gywoBTstrMCrFCSGpmTMVAovpHyoDw8Ceu6LeoVuMsxaT1mCEirg==",
      "dev": true,
      "requires": {
        "@polymer/font-roboto": "^3.0.0-pre.25",
        "@polymer/iron-flex-layout": "^3.0.0-pre.25",
        "@polymer/iron-location": "^3.0.0-pre.25",
        "@polymer/marked-element": "^3.0.0-pre.25",
        "@polymer/polymer": "^3.0.0",
        "@polymer/prism-element": "^3.0.0-pre.25"
      }
    },
    "@polymer/iron-doc-viewer": {
      "version": "4.0.1",
      "resolved": "https://registry.npmjs.org/@polymer/iron-doc-viewer/-/iron-doc-viewer-4.0.1.tgz",
      "integrity": "sha512-3tyJwSxvHxPuwvxE1FILNHqBPFytoZlp3tQ5iGu4iFE2uoLE1RoENU7SG6K98K5BFq8unfCrMS5GjzVGt+nW/Q==",
      "dev": true,
      "requires": {
        "@polymer/iron-location": "^3.0.0-pre.26",
        "@polymer/marked-element": "^3.0.0-pre.26",
        "@polymer/paper-styles": "^3.0.0-pre.26",
        "@polymer/polymer": "^3.0.0",
        "@polymer/prism-element": "^3.0.0-pre.26"
      }
    },
    "@polymer/iron-fit-behavior": {
      "version": "3.0.1",
      "resolved": "https://registry.npmjs.org/@polymer/iron-fit-behavior/-/iron-fit-behavior-3.0.1.tgz",
      "integrity": "sha512-/M0B1L30k31vmwNBaGuZcxzUAhJSHoGccb/DF0CDKI/hT8UlkTvcyemaWdOpmHHLgY52ceKIkRwA3AeXrKyvaQ==",
      "dev": true,
      "requires": {
        "@polymer/polymer": "^3.0.0"
      }
    },
    "@polymer/iron-flex-layout": {
      "version": "3.0.1",
      "resolved": "https://registry.npmjs.org/@polymer/iron-flex-layout/-/iron-flex-layout-3.0.1.tgz",
      "integrity": "sha512-7gB869czArF+HZcPTVSgvA7tXYFze9EKckvM95NB7SqYF+NnsQyhoXgKnpFwGyo95lUjUW9TFDLUwDXnCYFtkw==",
      "dev": true,
      "requires": {
        "@polymer/polymer": "^3.0.0"
      }
    },
    "@polymer/iron-form-element-behavior": {
      "version": "3.0.1",
      "resolved": "https://registry.npmjs.org/@polymer/iron-form-element-behavior/-/iron-form-element-behavior-3.0.1.tgz",
      "integrity": "sha512-G/e2KXyL5AY7mMjmomHkGpgS0uAf4ovNpKhkuUTRnMuMJuf589bKqE85KN4ovE1Tzhv2hJoh/igyD6ekHiYU1A==",
      "dev": true,
      "requires": {
        "@polymer/polymer": "^3.0.0"
      }
    },
    "@polymer/iron-icon": {
      "version": "3.0.1",
      "resolved": "https://registry.npmjs.org/@polymer/iron-icon/-/iron-icon-3.0.1.tgz",
      "integrity": "sha512-QLPwirk+UPZNaLnMew9VludXA4CWUCenRewgEcGYwdzVgDPCDbXxy6vRJjmweZobMQv/oVLppT2JZtJFnPxX6g==",
      "dev": true,
      "requires": {
        "@polymer/iron-flex-layout": "^3.0.0-pre.26",
        "@polymer/iron-meta": "^3.0.0-pre.26",
        "@polymer/polymer": "^3.0.0"
      }
    },
    "@polymer/iron-icons": {
      "version": "3.0.1",
      "resolved": "https://registry.npmjs.org/@polymer/iron-icons/-/iron-icons-3.0.1.tgz",
      "integrity": "sha512-xtEI8erH2GIBiF3QxEMyW81XuVjguu6Le5WjEEpX67qd9z7jjmc4T/ke3zRUlnDydex9p8ytcwVpMIKcyvjYAQ==",
      "dev": true,
      "requires": {
        "@polymer/iron-icon": "^3.0.0-pre.26",
        "@polymer/iron-iconset-svg": "^3.0.0-pre.26",
        "@polymer/polymer": "^3.0.0"
      }
    },
    "@polymer/iron-iconset-svg": {
      "version": "3.0.1",
      "resolved": "https://registry.npmjs.org/@polymer/iron-iconset-svg/-/iron-iconset-svg-3.0.1.tgz",
      "integrity": "sha512-XNwURbNHRw6u2fJe05O5fMYye6GSgDlDqCO+q6K1zAnKIrpgZwf2vTkBd5uCcZwsN0FyCB3mvNZx4jkh85dRDw==",
      "dev": true,
      "requires": {
        "@polymer/iron-meta": "^3.0.0-pre.26",
        "@polymer/polymer": "^3.0.0"
      }
    },
    "@polymer/iron-location": {
      "version": "3.0.1",
      "resolved": "https://registry.npmjs.org/@polymer/iron-location/-/iron-location-3.0.1.tgz",
      "integrity": "sha512-almb+p/fdSi4bxG+vyXjY51fDZxHMxwiug51Lfvr86wZRXN/u21Y6BapxG5n9f0hPSy9fimjIAvaYmozi7VjyQ==",
      "dev": true,
      "requires": {
        "@polymer/polymer": "^3.0.0"
      }
    },
    "@polymer/iron-media-query": {
      "version": "3.0.1",
      "resolved": "https://registry.npmjs.org/@polymer/iron-media-query/-/iron-media-query-3.0.1.tgz",
      "integrity": "sha512-czUX1pm1zfmfcZtq5J57XFkcobBv08Y50exp0/3v8Bos5VL/jv2tU0RwiTfDBxUMhjicGbgwEBFQPY2V5DMzyw==",
      "dev": true,
      "requires": {
        "@polymer/polymer": "^3.0.0"
      }
    },
    "@polymer/iron-meta": {
      "version": "3.0.1",
      "resolved": "https://registry.npmjs.org/@polymer/iron-meta/-/iron-meta-3.0.1.tgz",
      "integrity": "sha512-pWguPugiLYmWFV9UWxLWzZ6gm4wBwQdDy4VULKwdHCqR7OP7u98h+XDdGZsSlDPv6qoryV/e3tGHlTIT0mbzJA==",
      "dev": true,
      "requires": {
        "@polymer/polymer": "^3.0.0"
      }
    },
    "@polymer/iron-overlay-behavior": {
      "version": "3.0.2",
      "resolved": "https://registry.npmjs.org/@polymer/iron-overlay-behavior/-/iron-overlay-behavior-3.0.2.tgz",
      "integrity": "sha512-j1qmt6mJHCwpe1mKOvqK5kcCUPQr5LSrlqpgRDbUuLgUfNJ/vGTipjrkBlfbEUagm5FEQdc1VLPLSQP6WVuP9g==",
      "dev": true,
      "requires": {
        "@polymer/iron-a11y-keys-behavior": "^3.0.0-pre.26",
        "@polymer/iron-fit-behavior": "^3.0.0-pre.26",
        "@polymer/iron-resizable-behavior": "^3.0.0-pre.26",
        "@polymer/polymer": "^3.0.0"
      }
    },
    "@polymer/iron-resizable-behavior": {
      "version": "3.0.1",
      "resolved": "https://registry.npmjs.org/@polymer/iron-resizable-behavior/-/iron-resizable-behavior-3.0.1.tgz",
      "integrity": "sha512-FyHxRxFspVoRaeZSWpT3y0C9awomb4tXXolIJcZ7RvXhMP632V5lez+ch5G5SwK0LpnAPkg35eB0LPMFv+YMMQ==",
      "dev": true,
      "requires": {
        "@polymer/polymer": "^3.0.0"
      }
    },
    "@polymer/iron-scroll-target-behavior": {
      "version": "3.0.1",
      "resolved": "https://registry.npmjs.org/@polymer/iron-scroll-target-behavior/-/iron-scroll-target-behavior-3.0.1.tgz",
      "integrity": "sha512-xg1WanG25BIkQE8rhuReqY9zx1K5M7F+YAIYpswEp5eyDIaZ1Y3vUmVeQ3KG+hiSugzI1M752azXN7kvyhOBcQ==",
      "dev": true,
      "requires": {
        "@polymer/polymer": "^3.0.0"
      }
    },
    "@polymer/iron-selector": {
      "version": "3.0.1",
      "resolved": "https://registry.npmjs.org/@polymer/iron-selector/-/iron-selector-3.0.1.tgz",
      "integrity": "sha512-sBVk2uas6prW0glUe2xEJJYlvxmYzM40Au9OKbfDK2Qekou/fLKcBRyIYI39kuI8zWRaip8f3CI8qXcUHnKb1A==",
      "requires": {
        "@polymer/polymer": "^3.0.0"
      }
    },
    "@polymer/iron-test-helpers": {
      "version": "3.0.1",
      "resolved": "https://registry.npmjs.org/@polymer/iron-test-helpers/-/iron-test-helpers-3.0.1.tgz",
      "integrity": "sha512-2R7dnGcW2eg95i7LhYWWUO4AlAk6qXsPnKoyeN2R1t0km0ECMx0jjwqeLwCo8/7LwuVPZSiarI4DK7jyU7fJLQ==",
      "dev": true,
      "requires": {
        "@polymer/polymer": "^3.0.0"
      }
    },
    "@polymer/iron-validatable-behavior": {
      "version": "3.0.1",
      "resolved": "https://registry.npmjs.org/@polymer/iron-validatable-behavior/-/iron-validatable-behavior-3.0.1.tgz",
      "integrity": "sha512-wwpYh6wOa4fNI+jH5EYKC7TVPYQ2OfgQqocWat7GsNWcsblKYhLYbwsvEY5nO0n2xKqNfZzDLrUom5INJN7msQ==",
      "dev": true,
      "requires": {
        "@polymer/iron-meta": "^3.0.0-pre.26",
        "@polymer/polymer": "^3.0.0"
      }
    },
    "@polymer/marked-element": {
      "version": "3.0.1",
      "resolved": "https://registry.npmjs.org/@polymer/marked-element/-/marked-element-3.0.1.tgz",
      "integrity": "sha512-WJQzQetxdStVGQbyTBUBgd+hSI0Rl39uJg7b2zL3r6EfMnibzmA/YNT06M8jVZdxPF+B4SumrFWRtasVtGQRUQ==",
      "dev": true,
      "requires": {
        "@polymer/polymer": "^3.0.0",
        "marked": "~0.3.9"
      }
    },
    "@polymer/paper-behaviors": {
      "version": "3.0.1",
      "resolved": "https://registry.npmjs.org/@polymer/paper-behaviors/-/paper-behaviors-3.0.1.tgz",
      "integrity": "sha512-6knhj69fPJejv8qR0kCSUY+Q0XjaUf0OSnkjRjmTJPAwSrRYtgqE+l6P1FfA+py1X/cUjgne9EF5rMZAKJIg1g==",
      "dev": true,
      "requires": {
        "@polymer/iron-behaviors": "^3.0.0-pre.26",
        "@polymer/iron-checked-element-behavior": "^3.0.0-pre.26",
        "@polymer/paper-ripple": "^3.0.0-pre.26",
        "@polymer/polymer": "^3.0.0"
      }
    },
    "@polymer/paper-icon-button": {
      "version": "3.0.1",
      "resolved": "https://registry.npmjs.org/@polymer/paper-icon-button/-/paper-icon-button-3.0.1.tgz",
      "integrity": "sha512-iGzCargoYI2yOgedwTvT3kt4bMUsgGzITakPYx1qN1v6xiOAr67Zf/tp2JKqqdtyySDsJYck9o4FLf4ymvZJoA==",
      "dev": true,
      "requires": {
        "@polymer/iron-icon": "^3.0.0-pre.26",
        "@polymer/paper-behaviors": "^3.0.0-pre.27",
        "@polymer/paper-styles": "^3.0.0-pre.26",
        "@polymer/polymer": "^3.0.0"
      }
    },
    "@polymer/paper-ripple": {
      "version": "3.0.1",
      "resolved": "https://registry.npmjs.org/@polymer/paper-ripple/-/paper-ripple-3.0.1.tgz",
      "integrity": "sha512-dgOe12GyCF1VZBLUQqnzGWlf3xb255FajNCVB1VFj/AtskYtoamnafa7m3a+1vs+C8qbg4Benn5KwgxVDSW4cg==",
      "dev": true,
      "requires": {
        "@polymer/iron-a11y-keys-behavior": "^3.0.0-pre.26",
        "@polymer/polymer": "^3.0.0"
      }
    },
    "@polymer/paper-styles": {
      "version": "3.0.1",
      "resolved": "https://registry.npmjs.org/@polymer/paper-styles/-/paper-styles-3.0.1.tgz",
      "integrity": "sha512-y6hmObLqlCx602TQiSBKHqjwkE7xmDiFkoxdYGaNjtv4xcysOTdVJsDR/R9UHwIaxJ7gHlthMSykir1nv78++g==",
      "dev": true,
      "requires": {
        "@polymer/font-roboto": "^3.0.1",
        "@polymer/iron-flex-layout": "^3.0.0-pre.26",
        "@polymer/polymer": "^3.0.0"
      }
    },
    "@polymer/paper-toast": {
      "version": "3.0.1",
      "resolved": "https://registry.npmjs.org/@polymer/paper-toast/-/paper-toast-3.0.1.tgz",
      "integrity": "sha512-pizuogzObniDdICUc6dSLrnDt2VzzoRne1gCmbD6sfOATVv5tc8UfrqhA2iHngbNBEbniBiciS3iogdp5KTVUQ==",
      "dev": true,
      "requires": {
        "@polymer/iron-a11y-announcer": "^3.0.0-pre.26",
        "@polymer/iron-fit-behavior": "^3.0.0-pre.26",
        "@polymer/iron-overlay-behavior": "^3.0.0-pre.27",
        "@polymer/polymer": "^3.0.0"
      }
    },
    "@polymer/polymer": {
      "version": "3.0.5",
      "resolved": "https://registry.npmjs.org/@polymer/polymer/-/polymer-3.0.5.tgz",
      "integrity": "sha512-Zbmhtr5vZ3NoHWwFYLKI4ff7yfE6DZopI8vaS7HvmUIuNqsv/EpEDXfNEYjqePQmkMX5LU9OIKV1eX/+9aveow==",
      "requires": {
        "@webcomponents/shadycss": "^1.2.0"
      }
    },
    "@polymer/prism-element": {
      "version": "3.0.1",
      "resolved": "https://registry.npmjs.org/@polymer/prism-element/-/prism-element-3.0.1.tgz",
      "integrity": "sha512-mam3oZZwVoxmC8i2srCxaTsvCqZF2HX4yxbm1JN9OGZS2JMwu7bnjjk7O8haoj9u6w+ocUi+vTLjYeIIoPx7vQ==",
      "dev": true,
      "requires": {
        "@polymer/polymer": "^3.0.0",
        "prismjs": "^1.11.0"
      }
    },
    "@webcomponents/shadycss": {
      "version": "1.5.2",
      "resolved": "https://registry.npmjs.org/@webcomponents/shadycss/-/shadycss-1.5.2.tgz",
      "integrity": "sha512-0OyrmVc7S+INtzoqP2ofAo+OdVn2Nj0Qvq4wD9FEGN7nMmLRxaD2mzy6hD6EslzxUSuGH302CDU4KXiY66SEqg=="
    },
    "@webcomponents/webcomponentsjs": {
      "version": "2.1.3",
      "resolved": "https://registry.npmjs.org/@webcomponents/webcomponentsjs/-/webcomponentsjs-2.1.3.tgz",
      "integrity": "sha512-0UHJNY88lR3pnEYtBVT7F8cuuxOiITQGWJa0LxoELqkBSB7IabzJFOj5K99PajD3CGAsWpjB0CAeijfe376Y1w==",
      "dev": true
    },
    "clipboard": {
      "version": "2.0.1",
      "resolved": "https://registry.npmjs.org/clipboard/-/clipboard-2.0.1.tgz",
      "integrity": "sha512-7yhQBmtN+uYZmfRjjVjKa0dZdWuabzpSKGtyQZN+9C8xlC788SSJjOHWh7tzurfwTqTD5UDYAhIv5fRJg3sHjQ==",
      "dev": true,
      "optional": true,
      "requires": {
        "good-listener": "^1.2.2",
        "select": "^1.1.2",
        "tiny-emitter": "^2.0.0"
      }
    },
    "delegate": {
      "version": "3.2.0",
      "resolved": "https://registry.npmjs.org/delegate/-/delegate-3.2.0.tgz",
      "integrity": "sha512-IofjkYBZaZivn0V8nnsMJGBr4jVLxHDheKSW88PyxS5QC4Vo9ZbZVvhzlSxY87fVq3STR6r+4cGepyHkcWOQSw==",
      "dev": true,
      "optional": true
    },
    "good-listener": {
      "version": "1.2.2",
      "resolved": "https://registry.npmjs.org/good-listener/-/good-listener-1.2.2.tgz",
      "integrity": "sha1-1TswzfkxPf+33JoNR3CWqm0UXFA=",
      "dev": true,
      "optional": true,
      "requires": {
        "delegate": "^3.1.2"
      }
    },
    "marked": {
      "version": "0.3.19",
      "resolved": "http://registry.npmjs.org/marked/-/marked-0.3.19.tgz",
      "integrity": "sha512-ea2eGWOqNxPcXv8dyERdSr/6FmzvWwzjMxpfGB/sbMccXoct+xY+YukPD+QTUZwyvK7BZwcr4m21WBOW41pAkg==",
      "dev": true
    },
    "prismjs": {
      "version": "1.15.0",
      "resolved": "https://registry.npmjs.org/prismjs/-/prismjs-1.15.0.tgz",
      "integrity": "sha512-Lf2JrFYx8FanHrjoV5oL8YHCclLQgbJcVZR+gikGGMqz6ub5QVWDTM6YIwm3BuPxM/LOV+rKns3LssXNLIf+DA==",
      "dev": true,
      "requires": {
        "clipboard": "^2.0.0"
      }
    },
    "select": {
      "version": "1.1.2",
      "resolved": "https://registry.npmjs.org/select/-/select-1.1.2.tgz",
      "integrity": "sha1-DnNQrN7ICxEIUoeG7B1EGNEbOW0=",
      "dev": true,
      "optional": true
    },
    "tiny-emitter": {
      "version": "2.0.2",
      "resolved": "https://registry.npmjs.org/tiny-emitter/-/tiny-emitter-2.0.2.tgz",
      "integrity": "sha512-2NM0auVBGft5tee/OxP4PI3d8WItkDM+fPnaRAVo6xTDI2knbz9eC5ArWGqtGlYqiH3RU5yMpdyTTO7MguC4ow==",
      "dev": true,
      "optional": true
    }
  }
}
